
Microsoft Visual Studio Solution File, Format Version 12.00
# Visual Studio Version 17
VisualStudioVersion = 17.1.32319.34
MinimumVisualStudioVersion = 10.0.40219.1
Project("{9A19103F-16F7-4668-BE54-9A1E7A4F7556}") = "SimpleServer", "SimpleServer\SimpleServer.csproj", "{C6994C16-CB40-49CD-93AF-A0231FEACD7C}"
EndProject
Project("{9A19103F-16F7-4668-BE54-9A1E7A4F7556}") = "SimpleAdminClient", "SimpleAdminClient\SimpleAdminClient.csproj", "{0FE2833C-7CBE-4488-B50E-9B7EAAF5CD68}"
EndProject
Project("{9A19103F-16F7-4668-BE54-9A1E7A4F7556}") = "EchoServer", "EchoServer\EchoServer.csproj", "{630D6EE2-E956-4D0F-9B73-8855ECBD7CF5}"
EndProject
Project("{9A19103F-16F7-4668-BE54-9A1E7A4F7556}") = "ConnectToGatewayAsync", "ConnectToGatewayAsync\ConnectToGatewayAsync.csproj", "{6FD33277-4E53-48E2-990C-0602E67676F6}"
EndProject
Project("{9A19103F-16F7-4668-BE54-9A1E7A4F7556}") = "ConnectToGateway", "ConnectToGateway\ConnectToGateway.csproj", "{A110EA87-381F-4630-A36C-C8FFF40D693B}"
EndProject
Global
	GlobalSection(SolutionConfigurationPlatforms) = preSolution
		Debug|Any CPU = Debug|Any CPU
		Release|Any CPU = Release|Any CPU
	EndGlobalSection
	GlobalSection(ProjectConfigurationPlatforms) = postSolution
		{C6994C16-CB40-49CD-93AF-A0231FEACD7C}.Debug|Any CPU.ActiveCfg = Debug|Any CPU
		{C6994C16-CB40-49CD-93AF-A0231FEACD7C}.Debug|Any CPU.Build.0 = Debug|Any CPU
		{C6994C16-CB40-49CD-93AF-A0231FEACD7C}.Release|Any CPU.ActiveCfg = Release|Any CPU
		{C6994C16-CB40-49CD-93AF-A0231FEACD7C}.Release|Any CPU.Build.0 = Release|Any CPU
		{0FE2833C-7CBE-4488-B50E-9B7EAAF5CD68}.Debug|Any CPU.ActiveCfg = Debug|Any CPU
		{0FE2833C-7CBE-4488-B50E-9B7EAAF5CD68}.Debug|Any CPU.Build.0 = Debug|Any CPU
		{0FE2833C-7CBE-4488-B50E-9B7EAAF5CD68}.Release|Any CPU.ActiveCfg = Release|Any CPU
		{0FE2833C-7CBE-4488-B50E-9B7EAAF5CD68}.Release|Any CPU.Build.0 = Release|Any CPU
		{630D6EE2-E956-4D0F-9B73-8855ECBD7CF5}.Debug|Any CPU.ActiveCfg = Debug|Any CPU
		{630D6EE2-E956-4D0F-9B73-8855ECBD7CF5}.Debug|Any CPU.Build.0 = Debug|Any CPU
		{630D6EE2-E956-4D0F-9B73-8855ECBD7CF5}.Release|Any CPU.ActiveCfg = Release|Any CPU
		{630D6EE2-E956-4D0F-9B73-8855ECBD7CF5}.Release|Any CPU.Build.0 = Release|Any CPU
		{6FD33277-4E53-48E2-990C-0602E67676F6}.Debug|Any CPU.ActiveCfg = Debug|Any CPU
		{6FD33277-4E53-48E2-990C-0602E67676F6}.Debug|Any CPU.Build.0 = Debug|Any CPU
		{6FD33277-4E53-48E2-990C-0602E67676F6}.Release|Any CPU.ActiveCfg = Release|Any CPU
		{6FD33277-4E53-48E2-990C-0602E67676F6}.Release|Any CPU.Build.0 = Release|Any CPU
		{A110EA87-381F-4630-A36C-C8FFF40D693B}.Debug|Any CPU.ActiveCfg = Debug|Any CPU
		{A110EA87-381F-4630-A36C-C8FFF40D693B}.Debug|Any CPU.Build.0 = Debug|Any CPU
		{A110EA87-381F-4630-A36C-C8FFF40D693B}.Release|Any CPU.ActiveCfg = Release|Any CPU
		{A110EA87-381F-4630-A36C-C8FFF40D693B}.Release|Any CPU.Build.0 = Release|Any CPU
	EndGlobalSection
	GlobalSection(SolutionProperties) = preSolution
		HideSolutionNode = FALSE
	EndGlobalSection
	GlobalSection(ExtensibilityGlobals) = postSolution
		SolutionGuid = {2E7F7F27-FA46-449E-B263-E842359B959D}
	EndGlobalSection
EndGlobal
